
Microsoft Visual Studio Solution File, Format Version 12.00
# Visual Studio Version 16
VisualStudioVersion = 16.0.31613.86
MinimumVisualStudioVersion = 10.0.40219.1
Project("{9A19103F-16F7-4668-BE54-9A1E7A4F7556}") = "TileMapEditor", "TileMapEditor\TileMapEditor.csproj", "{969BE9B7-AF24-402D-A98F-D3AF47800F39}"
EndProject
Global
	GlobalSection(SolutionConfigurationPlatforms) = preSolution
		Debug|Any CPU = Debug|Any CPU
		Release|Any CPU = Release|Any CPU
	EndGlobalSection
	GlobalSection(ProjectConfigurationPlatforms) = postSolution
		{969BE9B7-AF24-402D-A98F-D3AF47800F39}.Debug|Any CPU.ActiveCfg = Debug|Any CPU
		{969BE9B7-AF24-402D-A98F-D3AF47800F39}.Debug|Any CPU.Build.0 = Debug|Any CPU
		{969BE9B7-AF24-402D-A98F-D3AF47800F39}.Release|Any CPU.ActiveCfg = Release|Any CPU
		{969BE9B7-AF24-402D-A98F-D3AF47800F39}.Release|Any CPU.Build.0 = Release|Any CPU
	EndGlobalSection
	GlobalSection(SolutionProperties) = preSolution
		HideSolutionNode = FALSE
	EndGlobalSection
	GlobalSection(ExtensibilityGlobals) = postSolution
		SolutionGuid = {49837A82-CD23-42FE-8F55-96D756472014}
	EndGlobalSection
EndGlobal
